
Microsoft Visual Studio Solution File, Format Version 12.00
# Visual Studio 15
VisualStudioVersion = 15.0.28307.136
MinimumVisualStudioVersion = 10.0.40219.1
Project("{FAE04EC0-301F-11D3-BF4B-00C04F79EFBC}") = "WcfSample", "WcfSample\WcfSample.csproj", "{5818C798-275A-43E0-8FE3-4766902C3218}"
EndProject
Project("{FAE04EC0-301F-11D3-BF4B-00C04F79EFBC}") = "WcfClient", "WcfClient\WcfClient.csproj", "{1DA74ED6-E603-40CD-BAFB-4360D1323E10}"
	ProjectSection(ProjectDependencies) = postProject
		{5818C798-275A-43E0-8FE3-4766902C3218} = {5818C798-275A-43E0-8FE3-4766902C3218}
	EndProjectSection
EndProject
Project("{FAE04EC0-301F-11D3-BF4B-00C04F79EFBC}") = "WcfClient2", "WcfClient2\WcfClient2.csproj", "{676BD35F-8F53-47EB-8EDA-47BFC4F71E9F}"
EndProject
Global
	GlobalSection(SolutionConfigurationPlatforms) = preSolution
		Debug|Any CPU = Debug|Any CPU
		Release|Any CPU = Release|Any CPU
	EndGlobalSection
	GlobalSection(ProjectConfigurationPlatforms) = postSolution
		{5818C798-275A-43E0-8FE3-4766902C3218}.Debug|Any CPU.ActiveCfg = Debug|Any CPU
		{5818C798-275A-43E0-8FE3-4766902C3218}.Debug|Any CPU.Build.0 = Debug|Any CPU
		{5818C798-275A-43E0-8FE3-4766902C3218}.Release|Any CPU.ActiveCfg = Release|Any CPU
		{5818C798-275A-43E0-8FE3-4766902C3218}.Release|Any CPU.Build.0 = Release|Any CPU
		{1DA74ED6-E603-40CD-BAFB-4360D1323E10}.Debug|Any CPU.ActiveCfg = Debug|Any CPU
		{1DA74ED6-E603-40CD-BAFB-4360D1323E10}.Debug|Any CPU.Build.0 = Debug|Any CPU
		{1DA74ED6-E603-40CD-BAFB-4360D1323E10}.Release|Any CPU.ActiveCfg = Release|Any CPU
		{1DA74ED6-E603-40CD-BAFB-4360D1323E10}.Release|Any CPU.Build.0 = Release|Any CPU
		{676BD35F-8F53-47EB-8EDA-47BFC4F71E9F}.Debug|Any CPU.ActiveCfg = Debug|Any CPU
		{676BD35F-8F53-47EB-8EDA-47BFC4F71E9F}.Debug|Any CPU.Build.0 = Debug|Any CPU
		{676BD35F-8F53-47EB-8EDA-47BFC4F71E9F}.Release|Any CPU.ActiveCfg = Release|Any CPU
		{676BD35F-8F53-47EB-8EDA-47BFC4F71E9F}.Release|Any CPU.Build.0 = Release|Any CPU
	EndGlobalSection
	GlobalSection(SolutionProperties) = preSolution
		HideSolutionNode = FALSE
	EndGlobalSection
	GlobalSection(ExtensibilityGlobals) = postSolution
		SolutionGuid = {29F07EEF-1525-4ED3-B5AE-5D4A202CB15A}
	EndGlobalSection
EndGlobal
